
Microsoft Visual Studio Solution File, Format Version 12.00
# Visual Studio Version 16
VisualStudioVersion = 16.0.30114.105
MinimumVisualStudioVersion = 10.0.40219.1
Project("{FAE04EC0-301F-11D3-BF4B-00C04F79EFBC}") = "R5T.T0116", "R5T.T0116\R5T.T0116.csproj", "{309CBBFD-5617-4707-9244-C4446B51D84F}"
EndProject
Project("{FAE04EC0-301F-11D3-BF4B-00C04F79EFBC}") = "R5T.T0116.Construction", "R5T.T0116.Construction\R5T.T0116.Construction.csproj", "{D2920416-5765-4774-AAF8-B76304B8404C}"
EndProject
Global
	GlobalSection(SolutionConfigurationPlatforms) = preSolution
		Debug|Any CPU = Debug|Any CPU
		Debug|x64 = Debug|x64
		Debug|x86 = Debug|x86
		Release|Any CPU = Release|Any CPU
		Release|x64 = Release|x64
		Release|x86 = Release|x86
	EndGlobalSection
	GlobalSection(SolutionProperties) = preSolution
		HideSolutionNode = FALSE
	EndGlobalSection
	GlobalSection(ProjectConfigurationPlatforms) = postSolution
		{309CBBFD-5617-4707-9244-C4446B51D84F}.Debug|Any CPU.ActiveCfg = Debug|Any CPU
		{309CBBFD-5617-4707-9244-C4446B51D84F}.Debug|Any CPU.Build.0 = Debug|Any CPU
		{309CBBFD-5617-4707-9244-C4446B51D84F}.Debug|x64.ActiveCfg = Debug|Any CPU
		{309CBBFD-5617-4707-9244-C4446B51D84F}.Debug|x64.Build.0 = Debug|Any CPU
		{309CBBFD-5617-4707-9244-C4446B51D84F}.Debug|x86.ActiveCfg = Debug|Any CPU
		{309CBBFD-5617-4707-9244-C4446B51D84F}.Debug|x86.Build.0 = Debug|Any CPU
		{309CBBFD-5617-4707-9244-C4446B51D84F}.Release|Any CPU.ActiveCfg = Release|Any CPU
		{309CBBFD-5617-4707-9244-C4446B51D84F}.Release|Any CPU.Build.0 = Release|Any CPU
		{309CBBFD-5617-4707-9244-C4446B51D84F}.Release|x64.ActiveCfg = Release|Any CPU
		{309CBBFD-5617-4707-9244-C4446B51D84F}.Release|x64.Build.0 = Release|Any CPU
		{309CBBFD-5617-4707-9244-C4446B51D84F}.Release|x86.ActiveCfg = Release|Any CPU
		{309CBBFD-5617-4707-9244-C4446B51D84F}.Release|x86.Build.0 = Release|Any CPU
		{D2920416-5765-4774-AAF8-B76304B8404C}.Debug|Any CPU.ActiveCfg = Debug|Any CPU
		{D2920416-5765-4774-AAF8-B76304B8404C}.Debug|Any CPU.Build.0 = Debug|Any CPU
		{D2920416-5765-4774-AAF8-B76304B8404C}.Debug|x64.ActiveCfg = Debug|Any CPU
		{D2920416-5765-4774-AAF8-B76304B8404C}.Debug|x64.Build.0 = Debug|Any CPU
		{D2920416-5765-4774-AAF8-B76304B8404C}.Debug|x86.ActiveCfg = Debug|Any CPU
		{D2920416-5765-4774-AAF8-B76304B8404C}.Debug|x86.Build.0 = Debug|Any CPU
		{D2920416-5765-4774-AAF8-B76304B8404C}.Release|Any CPU.ActiveCfg = Release|Any CPU
		{D2920416-5765-4774-AAF8-B76304B8404C}.Release|Any CPU.Build.0 = Release|Any CPU
		{D2920416-5765-4774-AAF8-B76304B8404C}.Release|x64.ActiveCfg = Release|Any CPU
		{D2920416-5765-4774-AAF8-B76304B8404C}.Release|x64.Build.0 = Release|Any CPU
		{D2920416-5765-4774-AAF8-B76304B8404C}.Release|x86.ActiveCfg = Release|Any CPU
		{D2920416-5765-4774-AAF8-B76304B8404C}.Release|x86.Build.0 = Release|Any CPU
	EndGlobalSection
EndGlobal
